PODS:
  - Bolts/Tasks (1.9.0)
  - DateTools (2.0.0)
  - FLAnimatedImage (1.0.12)
  - GoogleMaps (2.7.0):
    - GoogleMaps/Maps (= 2.7.0)
  - GoogleMaps/Base (2.7.0)
  - GoogleMaps/Maps (2.7.0):
    - GoogleMaps/Base
  - GooglePlaces (2.7.0):
    - GoogleMaps/Base (= 2.7.0)
  - HMSegmentedControl (1.5.5)
  - NYTPhotoViewer (1.0.1):
    - NYTPhotoViewer/AnimatedGifSupport (= 1.0.1)
    - NYTPhotoViewer/Core (= 1.0.1)
  - NYTPhotoViewer/AnimatedGifSupport (1.0.1):
    - FLAnimatedImage (~> 1.0.8)
    - NYTPhotoViewer/Core
  - NYTPhotoViewer/Core (1.0.1)
  - Parse (1.17.1):
    - Parse/Core (= 1.17.1)
  - Parse/Core (1.17.1):
    - Bolts/Tasks (~> 1.9)
  - SSFadingScrollView (1.1.0)

DEPENDENCIES:
  - DateTools
  - GoogleMaps
  - GooglePlaces
  - HMSegmentedControl (~> 1.5)
  - NYTPhotoViewer (~> 1.0.0)
  - Parse
  - SSFadingScrollView (~> 1.1)

SPEC REPOS:
  https://github.com/cocoapods/specs.git:
    - Bolts
    - DateTools
    - FLAnimatedImage
    - GoogleMaps
    - GooglePlaces
    - HMSegmentedControl
    - NYTPhotoViewer
    - Parse
    - SSFadingScrollView

SPEC CHECKSUMS:
  Bolts: ac6567323eac61e203f6a9763667d0f711be34c8
  DateTools: 933ac9c490f21f92127cf690ccd8c397e0126caf
  FLAnimatedImage: 4a0b56255d9b05f18b6dd7ee06871be5d3b89e31
  GoogleMaps: f79af95cb24d869457b1f961c93d3ce8b2f3b848
  GooglePlaces: 3d06e6c99654545b4738ce49648745779c25f2ef
  HMSegmentedControl: f514c6dad47aa3065e0ed2e8046b73efc71221b9
  NYTPhotoViewer: 98e0a54a9d28e4a980fc4b611fd5e419ca89ad74
  Parse: d3edaf8c7c722cb33cb83ba7821d015ae32d362d
  SSFadingScrollView: ac908f565594b1faa748d2d55973f2dde919f754

PODFILE CHECKSUM: 2511a38821c91f6ef088d83c3c84fbbcc303067f

COCOAPODS: 1.5.3
